
Microsoft Visual Studio Solution File, Format Version 12.00
# Visual Studio Version 16
VisualStudioVersion = 16.0.31005.135
MinimumVisualStudioVersion = 10.0.40219.1
Project("{FAE04EC0-301F-11D3-BF4B-00C04F79EFBC}") = "GameBeta", "GameBeta\GameBeta.csproj", "{755A1205-DBB5-456F-A380-0F548A1A9AFE}"
EndProject
Global
	GlobalSection(SolutionConfigurationPlatforms) = preSolution
		Debug|Any CPU = Debug|Any CPU
		Release|Any CPU = Release|Any CPU
	EndGlobalSection
	GlobalSection(ProjectConfigurationPlatforms) = postSolution
		{755A1205-DBB5-456F-A380-0F548A1A9AFE}.Debug|Any CPU.ActiveCfg = Debug|Any CPU
		{755A1205-DBB5-456F-A380-0F548A1A9AFE}.Debug|Any CPU.Build.0 = Debug|Any CPU
		{755A1205-DBB5-456F-A380-0F548A1A9AFE}.Release|Any CPU.ActiveCfg = Release|Any CPU
		{755A1205-DBB5-456F-A380-0F548A1A9AFE}.Release|Any CPU.Build.0 = Release|Any CPU
	EndGlobalSection
	GlobalSection(SolutionProperties) = preSolution
		HideSolutionNode = FALSE
	EndGlobalSection
	GlobalSection(ExtensibilityGlobals) = postSolution
		SolutionGuid = {3775FEEE-3BF4-47FD-B4A9-C43B5DBC0B52}
	EndGlobalSection
EndGlobal
